
Microsoft Visual Studio Solution File, Format Version 12.00
# Visual Studio Version 17
VisualStudioVersion = 17.7.34031.279
MinimumVisualStudioVersion = 10.0.40219.1
Project("{FAE04EC0-301F-11D3-BF4B-00C04F79EFBC}") = "ProcessImageEvents", "ProcessImageEvents\ProcessImageEvents.csproj", "{91B2DF55-2306-4D69-A9D2-4523C0271B8D}"
EndProject
Global
	GlobalSection(SolutionConfigurationPlatforms) = preSolution
		Debug|Any CPU = Debug|Any CPU
		Release|Any CPU = Release|Any CPU
	EndGlobalSection
	GlobalSection(ProjectConfigurationPlatforms) = postSolution
		{91B2DF55-2306-4D69-A9D2-4523C0271B8D}.Debug|Any CPU.ActiveCfg = Debug|Any CPU
		{91B2DF55-2306-4D69-A9D2-4523C0271B8D}.Debug|Any CPU.Build.0 = Debug|Any CPU
		{91B2DF55-2306-4D69-A9D2-4523C0271B8D}.Release|Any CPU.ActiveCfg = Release|Any CPU
		{91B2DF55-2306-4D69-A9D2-4523C0271B8D}.Release|Any CPU.Build.0 = Release|Any CPU
	EndGlobalSection
	GlobalSection(SolutionProperties) = preSolution
		HideSolutionNode = FALSE
	EndGlobalSection
	GlobalSection(ExtensibilityGlobals) = postSolution
		SolutionGuid = {0788C0B3-B47C-48A8-ABDF-55D05D44068D}
	EndGlobalSection
EndGlobal
